
Microsoft Visual Studio Solution File, Format Version 12.00
# Visual Studio Version 17
VisualStudioVersion = 17.5.33414.496
MinimumVisualStudioVersion = 10.0.40219.1
Project("{FAE04EC0-301F-11D3-BF4B-00C04F79EFBC}") = "API", "API.csproj", "{57FA2A65-2B96-4718-B14A-C167FF99ECC3}"
EndProject
Global
	GlobalSection(SolutionConfigurationPlatforms) = preSolution
		Debug|Any CPU = Debug|Any CPU
		Release|Any CPU = Release|Any CPU
	EndGlobalSection
	GlobalSection(ProjectConfigurationPlatforms) = postSolution
		{57FA2A65-2B96-4718-B14A-C167FF99ECC3}.Debug|Any CPU.ActiveCfg = Debug|Any CPU
		{57FA2A65-2B96-4718-B14A-C167FF99ECC3}.Debug|Any CPU.Build.0 = Debug|Any CPU
		{57FA2A65-2B96-4718-B14A-C167FF99ECC3}.Release|Any CPU.ActiveCfg = Release|Any CPU
		{57FA2A65-2B96-4718-B14A-C167FF99ECC3}.Release|Any CPU.Build.0 = Release|Any CPU
	EndGlobalSection
	GlobalSection(SolutionProperties) = preSolution
		HideSolutionNode = FALSE
	EndGlobalSection
	GlobalSection(ExtensibilityGlobals) = postSolution
		SolutionGuid = {DA5BABE2-D2BF-4D7D-982C-C84A3893C338}
	EndGlobalSection
EndGlobal
